
Microsoft Visual Studio Solution File, Format Version 12.00
# Visual Studio Version 16
VisualStudioVersion = 16.0.30320.27
MinimumVisualStudioVersion = 10.0.40219.1
Project("{FAE04EC0-301F-11D3-BF4B-00C04F79EFBC}") = "BinaryTreeProject", "BinaryTreeProject\BinaryTreeProject.csproj", "{4A4BA131-C3C9-42F4-B5F6-9DF54AB59B95}"
EndProject
Global
	GlobalSection(SolutionConfigurationPlatforms) = preSolution
		Debug|Any CPU = Debug|Any CPU
		Release|Any CPU = Release|Any CPU
	EndGlobalSection
	GlobalSection(ProjectConfigurationPlatforms) = postSolution
		{4A4BA131-C3C9-42F4-B5F6-9DF54AB59B95}.Debug|Any CPU.ActiveCfg = Debug|Any CPU
		{4A4BA131-C3C9-42F4-B5F6-9DF54AB59B95}.Debug|Any CPU.Build.0 = Debug|Any CPU
		{4A4BA131-C3C9-42F4-B5F6-9DF54AB59B95}.Release|Any CPU.ActiveCfg = Release|Any CPU
		{4A4BA131-C3C9-42F4-B5F6-9DF54AB59B95}.Release|Any CPU.Build.0 = Release|Any CPU
	EndGlobalSection
	GlobalSection(SolutionProperties) = preSolution
		HideSolutionNode = FALSE
	EndGlobalSection
	GlobalSection(ExtensibilityGlobals) = postSolution
		SolutionGuid = {3BBDE56B-D39A-408B-B6C3-87AC3AF5226B}
	EndGlobalSection
EndGlobal
